
Microsoft Visual Studio Solution File, Format Version 12.00
# Visual Studio 15
VisualStudioVersion = 15.0.28307.329
MinimumVisualStudioVersion = 10.0.40219.1
Project("{FAE04EC0-301F-11D3-BF4B-00C04F79EFBC}") = "File_IO", "File_IO\File_IO.csproj", "{B31079D0-DD9C-426C-9CA9-E1C49BC6E587}"
EndProject
Project("{FAE04EC0-301F-11D3-BF4B-00C04F79EFBC}") = "Opdracht_2a", "Opdracht_2a\Opdracht_2a.csproj", "{3A0B9867-2158-4066-BC9E-2F214C520DEC}"
EndProject
Global
	GlobalSection(SolutionConfigurationPlatforms) = preSolution
		Debug|Any CPU = Debug|Any CPU
		Release|Any CPU = Release|Any CPU
	EndGlobalSection
	GlobalSection(ProjectConfigurationPlatforms) = postSolution
		{B31079D0-DD9C-426C-9CA9-E1C49BC6E587}.Debug|Any CPU.ActiveCfg = Debug|Any CPU
		{B31079D0-DD9C-426C-9CA9-E1C49BC6E587}.Debug|Any CPU.Build.0 = Debug|Any CPU
		{B31079D0-DD9C-426C-9CA9-E1C49BC6E587}.Release|Any CPU.ActiveCfg = Release|Any CPU
		{B31079D0-DD9C-426C-9CA9-E1C49BC6E587}.Release|Any CPU.Build.0 = Release|Any CPU
		{3A0B9867-2158-4066-BC9E-2F214C520DEC}.Debug|Any CPU.ActiveCfg = Debug|Any CPU
		{3A0B9867-2158-4066-BC9E-2F214C520DEC}.Debug|Any CPU.Build.0 = Debug|Any CPU
		{3A0B9867-2158-4066-BC9E-2F214C520DEC}.Release|Any CPU.ActiveCfg = Release|Any CPU
		{3A0B9867-2158-4066-BC9E-2F214C520DEC}.Release|Any CPU.Build.0 = Release|Any CPU
	EndGlobalSection
	GlobalSection(SolutionProperties) = preSolution
		HideSolutionNode = FALSE
	EndGlobalSection
	GlobalSection(ExtensibilityGlobals) = postSolution
		SolutionGuid = {E9A27570-BD41-4A89-A3FC-F44BF5792065}
	EndGlobalSection
EndGlobal
